
Microsoft Visual Studio Solution File, Format Version 10.00
# Visual Studio 2008
Project("{FAE04EC0-301F-11D3-BF4B-00C04F79EFBC}") = "openaltest", "openaltest\openaltest.csproj", "{13A9FFCF-AAB4-40CE-AC07-77181F2C0946}"
EndProject
Global
	GlobalSection(SolutionConfigurationPlatforms) = preSolution
		Debug|x86 = Debug|x86
		Release|x86 = Release|x86
	EndGlobalSection
	GlobalSection(ProjectConfigurationPlatforms) = postSolution
		{13A9FFCF-AAB4-40CE-AC07-77181F2C0946}.Debug|x86.ActiveCfg = Debug|x86
		{13A9FFCF-AAB4-40CE-AC07-77181F2C0946}.Debug|x86.Build.0 = Debug|x86
		{13A9FFCF-AAB4-40CE-AC07-77181F2C0946}.Release|x86.ActiveCfg = Release|x86
		{13A9FFCF-AAB4-40CE-AC07-77181F2C0946}.Release|x86.Build.0 = Release|x86
	EndGlobalSection
	GlobalSection(MonoDevelopProperties) = preSolution
		StartupItem = openaltest\openaltest.csproj
	EndGlobalSection
EndGlobal
